{
    "name": "@brendangooch/user-input",
    "version": "2.0.0",
    "lockfileVersion": 3,
    "requires": true,
    "packages": {
        "": {
            "name": "@brendangooch/user-input",
            "version": "2.0.0",
            "license": "MIT",
            "dependencies": {
                "@brendangooch/maths": "^4.0.0",
                "@brendangooch/utils": "^2.2.0"
            },
            "devDependencies": {
                "typescript": "^5.7.2"
            }
        },
        "node_modules/@brendangooch/maths": {
            "version": "4.0.0",
            "resolved": "https://registry.npmjs.org/@brendangooch/maths/-/maths-4.0.0.tgz",
            "integrity": "sha512-C36bcZ1kWa5dN0NspErzHOXQy6RD6ct964/LH/QKsLkS2UN8KfjAyJWxTkit8FtwFsHXwSBhkH7GaYcw3wTx6A==",
            "license": "MIT"
        },
        "node_modules/@brendangooch/utils": {
            "version": "2.2.0",
            "resolved": "https://registry.npmjs.org/@brendangooch/utils/-/utils-2.2.0.tgz",
            "integrity": "sha512-LXJKchBLST4buRGEMZHrhKEwjVqijXvU2wtkLWDVhwSAq/uX3krx9q6GrOc4YcV1g2IUpjZhdneVgBKmsrWpmw==",
            "license": "MIT"
        },
        "node_modules/typescript": {
            "version": "5.7.2",
            "resolved": "https://registry.npmjs.org/typescript/-/typescript-5.7.2.tgz",
            "integrity": "sha512-i5t66RHxDvVN40HfDd1PsEThGNnlMCMT3jMUuoh9/0TaqWevNontacunWyN02LA9/fIbEWlcHZcgTKb9QoaLfg==",
            "dev": true,
            "license": "Apache-2.0",
            "bin": {
                "tsc": "bin/tsc",
                "tsserver": "bin/tsserver"
            },
            "engines": {
                "node": ">=14.17"
            }
        }
    }
}
